// !$*UTF8*$!
{
	archiveVersion = 1;
	classes = {
	};
	objectVersion = 51;
	objects = {

/* Begin PBXBuildFile section */
		838A7CF66C15699EE7E8E994 /* Pods_DocSites__iOS_.framework in Frameworks */ = {isa = PBXBuildFile; fileRef = 40CECE409885A743AEEA369E /* Pods_DocSites__iOS_.framework */; };
		B55876F8088E12289D83658E /* Pods_DocSites__macOS_.framework in Frameworks */ = {isa = PBXBuildFile; fileRef = 49E329B8538AAA24B2C23141 /* Pods_DocSites__macOS_.framework */; };
		C780273F262862D100BCFFC9 /* Tests_iOS.swift in Sources */ = {isa = PBXBuildFile; fileRef = C780273E262862D100BCFFC9 /* Tests_iOS.swift */; };
		C780274A262862D100BCFFC9 /* Tests_macOS.swift in Sources */ = {isa = PBXBuildFile; fileRef = C7802749262862D100BCFFC9 /* Tests_macOS.swift */; };
		C780274C262862D100BCFFC9 /* DocSitesApp.swift in Sources */ = {isa = PBXBuildFile; fileRef = C7802723262862CF00BCFFC9 /* DocSitesApp.swift */; };
		C780274D262862D100BCFFC9 /* DocSitesApp.swift in Sources */ = {isa = PBXBuildFile; fileRef = C7802723262862CF00BCFFC9 /* DocSitesApp.swift */; };
		C780274E262862D100BCFFC9 /* HomeView.swift in Sources */ = {isa = PBXBuildFile; fileRef = C7802724262862CF00BCFFC9 /* HomeView.swift */; };
		C780274F262862D100BCFFC9 /* HomeView.swift in Sources */ = {isa = PBXBuildFile; fileRef = C7802724262862CF00BCFFC9 /* HomeView.swift */; };
		C7802750262862D100BCFFC9 /* Assets.xcassets in Resources */ = {isa = PBXBuildFile; fileRef = C7802725262862D100BCFFC9 /* Assets.xcassets */; };
		C7802751262862D100BCFFC9 /* Assets.xcassets in Resources */ = {isa = PBXBuildFile; fileRef = C7802725262862D100BCFFC9 /* Assets.xcassets */; };
		C78027702628644400BCFFC9 /* EntityView.swift in Sources */ = {isa = PBXBuildFile; fileRef = C780276F2628644400BCFFC9 /* EntityView.swift */; };
		C78027712628644400BCFFC9 /* EntityView.swift in Sources */ = {isa = PBXBuildFile; fileRef = C780276F2628644400BCFFC9 /* EntityView.swift */; };
		C79972E6262D0620007F4BFD /* WebScraping.swift in Sources */ = {isa = PBXBuildFile; fileRef = C79972E5262D0620007F4BFD /* WebScraping.swift */; };
		C79972E7262D0620007F4BFD /* WebScraping.swift in Sources */ = {isa = PBXBuildFile; fileRef = C79972E5262D0620007F4BFD /* WebScraping.swift */; };
		C79972ED262DF609007F4BFD /* ScrapingListView.swift in Sources */ = {isa = PBXBuildFile; fileRef = C79972EC262DF609007F4BFD /* ScrapingListView.swift */; };
		C79972EE262DF609007F4BFD /* ScrapingListView.swift in Sources */ = {isa = PBXBuildFile; fileRef = C79972EC262DF609007F4BFD /* ScrapingListView.swift */; };
		C79FD375262B620C00F126DC /* GradientBackground.swift in Sources */ = {isa = PBXBuildFile; fileRef = C79FD374262B620C00F126DC /* GradientBackground.swift */; };
		C79FD376262B620C00F126DC /* GradientBackground.swift in Sources */ = {isa = PBXBuildFile; fileRef = C79FD374262B620C00F126DC /* GradientBackground.swift */; };
		C79FD380262BB16D00F126DC /* WebScrap.swift in Sources */ = {isa = PBXBuildFile; fileRef = C79FD37F262BB16D00F126DC /* WebScrap.swift */; };
		C79FD381262BB16D00F126DC /* WebScrap.swift in Sources */ = {isa = PBXBuildFile; fileRef = C79FD37F262BB16D00F126DC /* WebScrap.swift */; };
		C7AC3076262C68850031D0CC /* ScrapingView.swift in Sources */ = {isa = PBXBuildFile; fileRef = C7AC3075262C68850031D0CC /* ScrapingView.swift */; };
		C7AC3077262C68850031D0CC /* ScrapingView.swift in Sources */ = {isa = PBXBuildFile; fileRef = C7AC3075262C68850031D0CC /* ScrapingView.swift */; };
		C7AC307D262C69700031D0CC /* ScrapingItem.swift in Sources */ = {isa = PBXBuildFile; fileRef = C7AC307C262C69700031D0CC /* ScrapingItem.swift */; };
		C7AC307E262C69700031D0CC /* ScrapingItem.swift in Sources */ = {isa = PBXBuildFile; fileRef = C7AC307C262C69700031D0CC /* ScrapingItem.swift */; };
		C7AC3088262C6C080031D0CC /* WebView.swift in Sources */ = {isa = PBXBuildFile; fileRef = C7AC3087262C6C080031D0CC /* WebView.swift */; };
		C7AC3090262C6C820031D0CC /* WebsiteView.swift in Sources */ = {isa = PBXBuildFile; fileRef = C7AC308F262C6C820031D0CC /* WebsiteView.swift */; };
		C7AC3091262C6C820031D0CC /* WebsiteView.swift in Sources */ = {isa = PBXBuildFile; fileRef = C7AC308F262C6C820031D0CC /* WebsiteView.swift */; };
		C7FE4107262873540007CE97 /* Kalpurush.ttf in Resources */ = {isa = PBXBuildFile; fileRef = C7FE4105262873540007CE97 /* Kalpurush.ttf */; };
		C7FE4108262873540007CE97 /* KalpurushFont.swift in Sources */ = {isa = PBXBuildFile; fileRef = C7FE4106262873540007CE97 /* KalpurushFont.swift */; };
		C7FE410D262873B10007CE97 /* Kalpurush.ttf in Resources */ = {isa = PBXBuildFile; fileRef = C7FE4105262873540007CE97 /* Kalpurush.ttf */; };
		C7FE4118262879DB0007CE97 /* Entity.swift in Sources */ = {isa = PBXBuildFile; fileRef = C7FE4117262879DB0007CE97 /* Entity.swift */; };
		C7FE4119262879DB0007CE97 /* Entity.swift in Sources */ = {isa = PBXBuildFile; fileRef = C7FE4117262879DB0007CE97 /* Entity.swift */; };
		C7FE411F26287DB80007CE97 /* SiteItemView.swift in Sources */ = {isa = PBXBuildFile; fileRef = C7FE411E26287DB80007CE97 /* SiteItemView.swift */; };
		C7FE412026287DB80007CE97 /* SiteItemView.swift in Sources */ = {isa = PBXBuildFile; fileRef = C7FE411E26287DB80007CE97 /* SiteItemView.swift */; };
		C7FE41262628A8170007CE97 /* EntityDetail.swift in Sources */ = {isa = PBXBuildFile; fileRef = C7FE41252628A8170007CE97 /* EntityDetail.swift */; };
		C7FE41272628A8170007CE97 /* EntityDetail.swift in Sources */ = {isa = PBXBuildFile; fileRef = C7FE41252628A8170007CE97 /* EntityDetail.swift */; };
		C7FE412D2628B32C0007CE97 /* DismissButton.swift in Sources */ = {isa = PBXBuildFile; fileRef = C7FE412C2628B32C0007CE97 /* DismissButton.swift */; };
		C7FE412E2628B32C0007CE97 /* DismissButton.swift in Sources */ = {isa = PBXBuildFile; fileRef = C7FE412C2628B32C0007CE97 /* DismissButton.swift */; };
		C7FE4145262B05CE0007CE97 /* SettingView.swift in Sources */ = {isa = PBXBuildFile; fileRef = C7FE4144262B05CE0007CE97 /* SettingView.swift */; };
		C7FE4146262B05CE0007CE97 /* SettingView.swift in Sources */ = {isa = PBXBuildFile; fileRef = C7FE4144262B05CE0007CE97 /* SettingView.swift */; };
		C7FE414C262B06EB0007CE97 /* NotificationItem.swift in Sources */ = {isa = PBXBuildFile; fileRef = C7FE414B262B06EB0007CE97 /* NotificationItem.swift */; };
		C7FE414D262B06EB0007CE97 /* NotificationItem.swift in Sources */ = {isa = PBXBuildFile; fileRef = C7FE414B262B06EB0007CE97 /* NotificationItem.swift */; };
/* End PBXBuildFile section */

/* Begin PBXContainerItemProxy section */
		C780273B262862D100BCFFC9 /* PBXContainerItemProxy */ = {
			isa = PBXContainerItemProxy;
			containerPortal = C780271E262862CF00BCFFC9 /* Project object */;
			proxyType = 1;
			remoteGlobalIDString = C7802729262862D100BCFFC9;
			remoteInfo = "DocSites (iOS)";
		};
		C7802746262862D100BCFFC9 /* PBXContainerItemProxy */ = {
			isa = PBXContainerItemProxy;
			containerPortal = C780271E262862CF00BCFFC9 /* Project object */;
			proxyType = 1;
			remoteGlobalIDString = C7802731262862D100BCFFC9;
			remoteInfo = "DocSites (macOS)";
		};
/* End PBXContainerItemProxy section */

/* Begin PBXFileReference section */
		20C6DA2FD6B24AC8A895F8B1 /* Pods-DocSites (iOS).debug.xcconfig */ = {isa = PBXFileReference; includeInIndex = 1; lastKnownFileType = text.xcconfig; name = "Pods-DocSites (iOS).debug.xcconfig"; path = "Target Support Files/Pods-DocSites (iOS)/Pods-DocSites (iOS).debug.xcconfig"; sourceTree = "<group>"; };
		3EDB8974F006DE206D58D45C /* Pods-DocSites (iOS).release.xcconfig */ = {isa = PBXFileReference; includeInIndex = 1; lastKnownFileType = text.xcconfig; name = "Pods-DocSites (iOS).release.xcconfig"; path = "Target Support Files/Pods-DocSites (iOS)/Pods-DocSites (iOS).release.xcconfig"; sourceTree = "<group>"; };
		40CECE409885A743AEEA369E /* Pods_DocSites__iOS_.framework */ = {isa = PBXFileReference; explicitFileType = wrapper.framework; includeInIndex = 0; path = Pods_DocSites__iOS_.framework; sourceTree = BUILT_PRODUCTS_DIR; };
		49E329B8538AAA24B2C23141 /* Pods_DocSites__macOS_.framework */ = {isa = PBXFileReference; explicitFileType = wrapper.framework; includeInIndex = 0; path = Pods_DocSites__macOS_.framework; sourceTree = BUILT_PRODUCTS_DIR; };
		83667583630CDF3E30C088B4 /* Pods-DocSites (macOS).debug.xcconfig */ = {isa = PBXFileReference; includeInIndex = 1; lastKnownFileType = text.xcconfig; name = "Pods-DocSites (macOS).debug.xcconfig"; path = "Target Support Files/Pods-DocSites (macOS)/Pods-DocSites (macOS).debug.xcconfig"; sourceTree = "<group>"; };
		C7802723262862CF00BCFFC9 /* DocSitesApp.swift */ = {isa = PBXFileReference; lastKnownFileType = sourcecode.swift; path = DocSitesApp.swift; sourceTree = "<group>"; };
		C7802724262862CF00BCFFC9 /* HomeView.swift */ = {isa = PBXFileReference; lastKnownFileType = sourcecode.swift; path = HomeView.swift; sourceTree = "<group>"; };
		C7802725262862D100BCFFC9 /* Assets.xcassets */ = {isa = PBXFileReference; lastKnownFileType = folder.assetcatalog; path = Assets.xcassets; sourceTree = "<group>"; };
		C780272A262862D100BCFFC9 /* DocSites.app */ = {isa = PBXFileReference; explicitFileType = wrapper.application; includeInIndex = 0; path = DocSites.app; sourceTree = BUILT_PRODUCTS_DIR; };
		C780272D262862D100BCFFC9 /* Info.plist */ = {isa = PBXFileReference; lastKnownFileType = text.plist.xml; path = Info.plist; sourceTree = "<group>"; };
		C7802732262862D100BCFFC9 /* DocSites.app */ = {isa = PBXFileReference; explicitFileType = wrapper.application; includeInIndex = 0; path = DocSites.app; sourceTree = BUILT_PRODUCTS_DIR; };
		C7802734262862D100BCFFC9 /* Info.plist */ = {isa = PBXFileReference; lastKnownFileType = text.plist.xml; path = Info.plist; sourceTree = "<group>"; };
		C7802735262862D100BCFFC9 /* macOS.entitlements */ = {isa = PBXFileReference; lastKnownFileType = text.plist.entitlements; path = macOS.entitlements; sourceTree = "<group>"; };
		C780273A262862D100BCFFC9 /* Tests iOS.xctest */ = {isa = PBXFileReference; explicitFileType = wrapper.cfbundle; includeInIndex = 0; path = "Tests iOS.xctest"; sourceTree = BUILT_PRODUCTS_DIR; };
		C780273E262862D100BCFFC9 /* Tests_iOS.swift */ = {isa = PBXFileReference; lastKnownFileType = sourcecode.swift; path = Tests_iOS.swift; sourceTree = "<group>"; };
		C7802740262862D100BCFFC9 /* Info.plist */ = {isa = PBXFileReference; lastKnownFileType = text.plist.xml; path = Info.plist; sourceTree = "<group>"; };
		C7802745262862D100BCFFC9 /* Tests macOS.xctest */ = {isa = PBXFileReference; explicitFileType = wrapper.cfbundle; includeInIndex = 0; path = "Tests macOS.xctest"; sourceTree = BUILT_PRODUCTS_DIR; };
		C7802749262862D100BCFFC9 /* Tests_macOS.swift */ = {isa = PBXFileReference; lastKnownFileType = sourcecode.swift; path = Tests_macOS.swift; sourceTree = "<group>"; };
		C780274B262862D100BCFFC9 /* Info.plist */ = {isa = PBXFileReference; lastKnownFileType = text.plist.xml; path = Info.plist; sourceTree = "<group>"; };
		C780276F2628644400BCFFC9 /* EntityView.swift */ = {isa = PBXFileReference; lastKnownFileType = sourcecode.swift; path = EntityView.swift; sourceTree = "<group>"; };
		C79972E5262D0620007F4BFD /* WebScraping.swift */ = {isa = PBXFileReference; lastKnownFileType = sourcecode.swift; path = WebScraping.swift; sourceTree = "<group>"; };
		C79972EC262DF609007F4BFD /* ScrapingListView.swift */ = {isa = PBXFileReference; lastKnownFileType = sourcecode.swift; path = ScrapingListView.swift; sourceTree = "<group>"; };
		C79FD374262B620C00F126DC /* GradientBackground.swift */ = {isa = PBXFileReference; lastKnownFileType = sourcecode.swift; path = GradientBackground.swift; sourceTree = "<group>"; };
		C79FD37F262BB16D00F126DC /* WebScrap.swift */ = {isa = PBXFileReference; lastKnownFileType = sourcecode.swift; path = WebScrap.swift; sourceTree = "<group>"; };
		C7AC3075262C68850031D0CC /* ScrapingView.swift */ = {isa = PBXFileReference; lastKnownFileType = sourcecode.swift; path = ScrapingView.swift; sourceTree = "<group>"; };
		C7AC307C262C69700031D0CC /* ScrapingItem.swift */ = {isa = PBXFileReference; lastKnownFileType = sourcecode.swift; path = ScrapingItem.swift; sourceTree = "<group>"; };
		C7AC3087262C6C080031D0CC /* WebView.swift */ = {isa = PBXFileReference; lastKnownFileType = sourcecode.swift; path = WebView.swift; sourceTree = "<group>"; };
		C7AC308F262C6C820031D0CC /* WebsiteView.swift */ = {isa = PBXFileReference; lastKnownFileType = sourcecode.swift; path = WebsiteView.swift; sourceTree = "<group>"; };
		C7FE4105262873540007CE97 /* Kalpurush.ttf */ = {isa = PBXFileReference; lastKnownFileType = file; path = Kalpurush.ttf; sourceTree = "<group>"; };
		C7FE4106262873540007CE97 /* KalpurushFont.swift */ = {isa = PBXFileReference; fileEncoding = 4; lastKnownFileType = sourcecode.swift; path = KalpurushFont.swift; sourceTree = "<group>"; };
		C7FE4117262879DB0007CE97 /* Entity.swift */ = {isa = PBXFileReference; lastKnownFileType = sourcecode.swift; path = Entity.swift; sourceTree = "<group>"; };
		C7FE411E26287DB80007CE97 /* SiteItemView.swift */ = {isa = PBXFileReference; lastKnownFileType = sourcecode.swift; path = SiteItemView.swift; sourceTree = "<group>"; };
		C7FE41252628A8170007CE97 /* EntityDetail.swift */ = {isa = PBXFileReference; lastKnownFileType = sourcecode.swift; path = EntityDetail.swift; sourceTree = "<group>"; };
		C7FE412C2628B32C0007CE97 /* DismissButton.swift */ = {isa = PBXFileReference; lastKnownFileType = sourcecode.swift; path = DismissButton.swift; sourceTree = "<group>"; };
		C7FE4144262B05CE0007CE97 /* SettingView.swift */ = {isa = PBXFileReference; lastKnownFileType = sourcecode.swift; path = SettingView.swift; sourceTree = "<group>"; };
		C7FE414B262B06EB0007CE97 /* NotificationItem.swift */ = {isa = PBXFileReference; lastKnownFileType = sourcecode.swift; path = NotificationItem.swift; sourceTree = "<group>"; };
		CAF39B7472AD26F73F2BE732 /* Pods-DocSites (macOS).release.xcconfig */ = {isa = PBXFileReference; includeInIndex = 1; lastKnownFileType = text.xcconfig; name = "Pods-DocSites (macOS).release.xcconfig"; path = "Target Support Files/Pods-DocSites (macOS)/Pods-DocSites (macOS).release.xcconfig"; sourceTree = "<group>"; };
/* End PBXFileReference section */

/* Begin PBXFrameworksBuildPhase section */
		C7802727262862D100BCFFC9 /* Frameworks */ = {
			isa = PBXFrameworksBuildPhase;
			buildActionMask = 2147483647;
			files = (
				838A7CF66C15699EE7E8E994 /* Pods_DocSites__iOS_.framework in Frameworks */,
			);
			runOnlyForDeploymentPostprocessing = 0;
		};
		C780272F262862D100BCFFC9 /* Frameworks */ = {
			isa = PBXFrameworksBuildPhase;
			buildActionMask = 2147483647;
			files = (
				B55876F8088E12289D83658E /* Pods_DocSites__macOS_.framework in Frameworks */,
			);
			runOnlyForDeploymentPostprocessing = 0;
		};
		C7802737262862D100BCFFC9 /* Frameworks */ = {
			isa = PBXFrameworksBuildPhase;
			buildActionMask = 2147483647;
			files = (
			);
			runOnlyForDeploymentPostprocessing = 0;
		};
		C7802742262862D100BCFFC9 /* Frameworks */ = {
			isa = PBXFrameworksBuildPhase;
			buildActionMask = 2147483647;
			files = (
			);
			runOnlyForDeploymentPostprocessing = 0;
		};
/* End PBXFrameworksBuildPhase section */

/* Begin PBXGroup section */
		82A4A8B693E0074130DCD9E9 /* Frameworks */ = {
			isa = PBXGroup;
			children = (
				40CECE409885A743AEEA369E /* Pods_DocSites__iOS_.framework */,
				49E329B8538AAA24B2C23141 /* Pods_DocSites__macOS_.framework */,
			);
			name = Frameworks;
			sourceTree = "<group>";
		};
		9505D5416D302F39F594470E /* Pods */ = {
			isa = PBXGroup;
			children = (
				20C6DA2FD6B24AC8A895F8B1 /* Pods-DocSites (iOS).debug.xcconfig */,
				3EDB8974F006DE206D58D45C /* Pods-DocSites (iOS).release.xcconfig */,
				83667583630CDF3E30C088B4 /* Pods-DocSites (macOS).debug.xcconfig */,
				CAF39B7472AD26F73F2BE732 /* Pods-DocSites (macOS).release.xcconfig */,
			);
			path = Pods;
			sourceTree = "<group>";
		};
		C780271D262862CF00BCFFC9 = {
			isa = PBXGroup;
			children = (
				C7802722262862CF00BCFFC9 /* Shared */,
				C780272C262862D100BCFFC9 /* iOS */,
				C7802733262862D100BCFFC9 /* macOS */,
				C780273D262862D100BCFFC9 /* Tests iOS */,
				C7802748262862D100BCFFC9 /* Tests macOS */,
				C780272B262862D100BCFFC9 /* Products */,
				9505D5416D302F39F594470E /* Pods */,
				82A4A8B693E0074130DCD9E9 /* Frameworks */,
			);
			sourceTree = "<group>";
		};
		C7802722262862CF00BCFFC9 /* Shared */ = {
			isa = PBXGroup;
			children = (
				C7AC308E262C6C700031D0CC /* Util */,
				C7FE4104262872E40007CE97 /* Font */,
				C780276E2628641600BCFFC9 /* ItemView */,
				C78027692628640500BCFFC9 /* Model */,
				C7802768262863F700BCFFC9 /* Screen */,
				C7802723262862CF00BCFFC9 /* DocSitesApp.swift */,
				C7802725262862D100BCFFC9 /* Assets.xcassets */,
				C79972E0262D0605007F4BFD /* WebScrap */,
			);
			path = Shared;
			sourceTree = "<group>";
		};
		C780272B262862D100BCFFC9 /* Products */ = {
			isa = PBXGroup;
			children = (
				C780272A262862D100BCFFC9 /* DocSites.app */,
				C7802732262862D100BCFFC9 /* DocSites.app */,
				C780273A262862D100BCFFC9 /* Tests iOS.xctest */,
				C7802745262862D100BCFFC9 /* Tests macOS.xctest */,
			);
			name = Products;
			sourceTree = "<group>";
		};
		C780272C262862D100BCFFC9 /* iOS */ = {
			isa = PBXGroup;
			children = (
				C780272D262862D100BCFFC9 /* Info.plist */,
			);
			path = iOS;
			sourceTree = "<group>";
		};
		C7802733262862D100BCFFC9 /* macOS */ = {
			isa = PBXGroup;
			children = (
				C7802734262862D100BCFFC9 /* Info.plist */,
				C7802735262862D100BCFFC9 /* macOS.entitlements */,
			);
			path = macOS;
			sourceTree = "<group>";
		};
		C780273D262862D100BCFFC9 /* Tests iOS */ = {
			isa = PBXGroup;
			children = (
				C780273E262862D100BCFFC9 /* Tests_iOS.swift */,
				C7802740262862D100BCFFC9 /* Info.plist */,
			);
			path = "Tests iOS";
			sourceTree = "<group>";
		};
		C7802748262862D100BCFFC9 /* Tests macOS */ = {
			isa = PBXGroup;
			children = (
				C7802749262862D100BCFFC9 /* Tests_macOS.swift */,
				C780274B262862D100BCFFC9 /* Info.plist */,
			);
			path = "Tests macOS";
			sourceTree = "<group>";
		};
		C7802768262863F700BCFFC9 /* Screen */ = {
			isa = PBXGroup;
			children = (
				C7802724262862CF00BCFFC9 /* HomeView.swift */,
				C7FE41252628A8170007CE97 /* EntityDetail.swift */,
				C7FE4144262B05CE0007CE97 /* SettingView.swift */,
				C79972EC262DF609007F4BFD /* ScrapingListView.swift */,
			);
			path = Screen;
			sourceTree = "<group>";
		};
		C78027692628640500BCFFC9 /* Model */ = {
			isa = PBXGroup;
			children = (
				C7FE4117262879DB0007CE97 /* Entity.swift */,
				C79FD374262B620C00F126DC /* GradientBackground.swift */,
				C7AC307C262C69700031D0CC /* ScrapingItem.swift */,
			);
			path = Model;
			sourceTree = "<group>";
		};
		C780276E2628641600BCFFC9 /* ItemView */ = {
			isa = PBXGroup;
			children = (
				C780276F2628644400BCFFC9 /* EntityView.swift */,
				C7FE411E26287DB80007CE97 /* SiteItemView.swift */,
				C7FE412C2628B32C0007CE97 /* DismissButton.swift */,
				C7FE414B262B06EB0007CE97 /* NotificationItem.swift */,
				C7AC3075262C68850031D0CC /* ScrapingView.swift */,
				C7AC308F262C6C820031D0CC /* WebsiteView.swift */,
			);
			path = ItemView;
			sourceTree = "<group>";
		};
		C79972E0262D0605007F4BFD /* WebScrap */ = {
			isa = PBXGroup;
			children = (
				C79FD37F262BB16D00F126DC /* WebScrap.swift */,
				C79972E5262D0620007F4BFD /* WebScraping.swift */,
			);
			path = WebScrap;
			sourceTree = "<group>";
		};
		C7AC308E262C6C700031D0CC /* Util */ = {
			isa = PBXGroup;
			children = (
				C7AC3087262C6C080031D0CC /* WebView.swift */,
			);
			path = Util;
			sourceTree = "<group>";
		};
		C7FE4104262872E40007CE97 /* Font */ = {
			isa = PBXGroup;
			children = (
				C7FE4105262873540007CE97 /* Kalpurush.ttf */,
				C7FE4106262873540007CE97 /* KalpurushFont.swift */,
			);
			path = Font;
			sourceTree = "<group>";
		};
/* End PBXGroup section */

/* Begin PBXNativeTarget section */
		C7802729262862D100BCFFC9 /* DocSites (iOS) */ = {
			isa = PBXNativeTarget;
			buildConfigurationList = C7802754262862D100BCFFC9 /* Build configuration list for PBXNativeTarget "DocSites (iOS)" */;
			buildPhases = (
				280ABF513E8746D069F97F8A /* [CP] Check Pods Manifest.lock */,
				C7802726262862D100BCFFC9 /* Sources */,
				C7802727262862D100BCFFC9 /* Frameworks */,
				C7802728262862D100BCFFC9 /* Resources */,
				21CF91A0AEE4977E669857FA /* [CP] Embed Pods Frameworks */,
			);
			buildRules = (
			);
			dependencies = (
			);
			name = "DocSites (iOS)";
			productName = "DocSites (iOS)";
			productReference = C780272A262862D100BCFFC9 /* DocSites.app */;
			productType = "com.apple.product-type.application";
		};
		C7802731262862D100BCFFC9 /* DocSites (macOS) */ = {
			isa = PBXNativeTarget;
			buildConfigurationList = C7802757262862D100BCFFC9 /* Build configuration list for PBXNativeTarget "DocSites (macOS)" */;
			buildPhases = (
				3AB4E708E8E45B1790BFF944 /* [CP] Check Pods Manifest.lock */,
				C780272E262862D100BCFFC9 /* Sources */,
				C780272F262862D100BCFFC9 /* Frameworks */,
				C7802730262862D100BCFFC9 /* Resources */,
				B0D6FF76EF050588C39DD099 /* [CP] Embed Pods Frameworks */,
			);
			buildRules = (
			);
			dependencies = (
			);
			name = "DocSites (macOS)";
			productName = "DocSites (macOS)";
			productReference = C7802732262862D100BCFFC9 /* DocSites.app */;
			productType = "com.apple.product-type.application";
		};
		C7802739262862D100BCFFC9 /* Tests iOS */ = {
			isa = PBXNativeTarget;
			buildConfigurationList = C780275A262862D100BCFFC9 /* Build configuration list for PBXNativeTarget "Tests iOS" */;
			buildPhases = (
				C7802736262862D100BCFFC9 /* Sources */,
				C7802737262862D100BCFFC9 /* Frameworks */,
				C7802738262862D100BCFFC9 /* Resources */,
			);
			buildRules = (
			);
			dependencies = (
				C780273C262862D100BCFFC9 /* PBXTargetDependency */,
			);
			name = "Tests iOS";
			productName = "Tests iOS";
			productReference = C780273A262862D100BCFFC9 /* Tests iOS.xctest */;
			productType = "com.apple.product-type.bundle.ui-testing";
		};
		C7802744262862D100BCFFC9 /* Tests macOS */ = {
			isa = PBXNativeTarget;
			buildConfigurationList = C780275D262862D100BCFFC9 /* Build configuration list for PBXNativeTarget "Tests macOS" */;
			buildPhases = (
				C7802741262862D100BCFFC9 /* Sources */,
				C7802742262862D100BCFFC9 /* Frameworks */,
				C7802743262862D100BCFFC9 /* Resources */,
			);
			buildRules = (
			);
			dependencies = (
				C7802747262862D100BCFFC9 /* PBXTargetDependency */,
			);
			name = "Tests macOS";
			productName = "Tests macOS";
			productReference = C7802745262862D100BCFFC9 /* Tests macOS.xctest */;
			productType = "com.apple.product-type.bundle.ui-testing";
		};
/* End PBXNativeTarget section */

/* Begin PBXProject section */
		C780271E262862CF00BCFFC9 /* Project object */ = {
			isa = PBXProject;
			attributes = {
				LastSwiftUpdateCheck = 1240;
				LastUpgradeCheck = 1240;
				TargetAttributes = {
					C7802729262862D100BCFFC9 = {
						CreatedOnToolsVersion = 12.4;
					};
					C7802731262862D100BCFFC9 = {
						CreatedOnToolsVersion = 12.4;
					};
					C7802739262862D100BCFFC9 = {
						CreatedOnToolsVersion = 12.4;
						TestTargetID = C7802729262862D100BCFFC9;
					};
					C7802744262862D100BCFFC9 = {
						CreatedOnToolsVersion = 12.4;
						TestTargetID = C7802731262862D100BCFFC9;
					};
				};
			};
			buildConfigurationList = C7802721262862CF00BCFFC9 /* Build configuration list for PBXProject "DocSites" */;
			compatibilityVersion = "Xcode 9.3";
			developmentRegion = en;
			hasScannedForEncodings = 0;
			knownRegions = (
				en,
				Base,
			);
			mainGroup = C780271D262862CF00BCFFC9;
			productRefGroup = C780272B262862D100BCFFC9 /* Products */;
			projectDirPath = "";
			projectRoot = "";
			targets = (
				C7802729262862D100BCFFC9 /* DocSites (iOS) */,
				C7802731262862D100BCFFC9 /* DocSites (macOS) */,
				C7802739262862D100BCFFC9 /* Tests iOS */,
				C7802744262862D100BCFFC9 /* Tests macOS */,
			);
		};
/* End PBXProject section */

/* Begin PBXResourcesBuildPhase section */
		C7802728262862D100BCFFC9 /* Resources */ = {
			isa = PBXResourcesBuildPhase;
			buildActionMask = 2147483647;
			files = (
				C7FE4107262873540007CE97 /* Kalpurush.ttf in Resources */,
				C7802750262862D100BCFFC9 /* Assets.xcassets in Resources */,
			);
			runOnlyForDeploymentPostprocessing = 0;
		};
		C7802730262862D100BCFFC9 /* Resources */ = {
			isa = PBXResourcesBuildPhase;
			buildActionMask = 2147483647;
			files = (
				C7FE410D262873B10007CE97 /* Kalpurush.ttf in Resources */,
				C7802751262862D100BCFFC9 /* Assets.xcassets in Resources */,
			);
			runOnlyForDeploymentPostprocessing = 0;
		};
		C7802738262862D100BCFFC9 /* Resources */ = {
			isa = PBXResourcesBuildPhase;
			buildActionMask = 2147483647;
			files = (
			);
			runOnlyForDeploymentPostprocessing = 0;
		};
		C7802743262862D100BCFFC9 /* Resources */ = {
			isa = PBXResourcesBuildPhase;
			buildActionMask = 2147483647;
			files = (
			);
			runOnlyForDeploymentPostprocessing = 0;
		};
/* End PBXResourcesBuildPhase section */

/* Begin PBXShellScriptBuildPhase section */
		21CF91A0AEE4977E669857FA /* [CP] Embed Pods Frameworks */ = {
			isa = PBXShellScriptBuildPhase;
			buildActionMask = 2147483647;
			files = (
			);
			inputFileListPaths = (
				"${PODS_ROOT}/Target Support Files/Pods-DocSites (iOS)/Pods-DocSites (iOS)-frameworks-${CONFIGURATION}-input-files.xcfilelist",
			);
			name = "[CP] Embed Pods Frameworks";
			outputFileListPaths = (
				"${PODS_ROOT}/Target Support Files/Pods-DocSites (iOS)/Pods-DocSites (iOS)-frameworks-${CONFIGURATION}-output-files.xcfilelist",
			);
			runOnlyForDeploymentPostprocessing = 0;
			shellPath = /bin/sh;
			shellScript = "\"${PODS_ROOT}/Target Support Files/Pods-DocSites (iOS)/Pods-DocSites (iOS)-frameworks.sh\"\n";
			showEnvVarsInLog = 0;
		};
		280ABF513E8746D069F97F8A /* [CP] Check Pods Manifest.lock */ = {
			isa = PBXShellScriptBuildPhase;
			buildActionMask = 2147483647;
			files = (
			);
			inputFileListPaths = (
			);
			inputPaths = (
				"${PODS_PODFILE_DIR_PATH}/Podfile.lock",
				"${PODS_ROOT}/Manifest.lock",
			);
			name = "[CP] Check Pods Manifest.lock";
			outputFileListPaths = (
			);
			outputPaths = (
				"$(DERIVED_FILE_DIR)/Pods-DocSites (iOS)-checkManifestLockResult.txt",
			);
			runOnlyForDeploymentPostprocessing = 0;
			shellPath = /bin/sh;
			shellScript = "diff \"${PODS_PODFILE_DIR_PATH}/Podfile.lock\" \"${PODS_ROOT}/Manifest.lock\" > /dev/null\nif [ $? != 0 ] ; then\n    # print error to STDERR\n    echo \"error: The sandbox is not in sync with the Podfile.lock. Run 'pod install' or update your CocoaPods installation.\" >&2\n    exit 1\nfi\n# This output is used by Xcode 'outputs' to avoid re-running this script phase.\necho \"SUCCESS\" > \"${SCRIPT_OUTPUT_FILE_0}\"\n";
			showEnvVarsInLog = 0;
		};
		3AB4E708E8E45B1790BFF944 /* [CP] Check Pods Manifest.lock */ = {
			isa = PBXShellScriptBuildPhase;
			buildActionMask = 2147483647;
			files = (
			);
			inputFileListPaths = (
			);
			inputPaths = (
				"${PODS_PODFILE_DIR_PATH}/Podfile.lock",
				"${PODS_ROOT}/Manifest.lock",
			);
			name = "[CP] Check Pods Manifest.lock";
			outputFileListPaths = (
			);
			outputPaths = (
				"$(DERIVED_FILE_DIR)/Pods-DocSites (macOS)-checkManifestLockResult.txt",
			);
			runOnlyForDeploymentPostprocessing = 0;
			shellPath = /bin/sh;
			shellScript = "diff \"${PODS_PODFILE_DIR_PATH}/Podfile.lock\" \"${PODS_ROOT}/Manifest.lock\" > /dev/null\nif [ $? != 0 ] ; then\n    # print error to STDERR\n    echo \"error: The sandbox is not in sync with the Podfile.lock. Run 'pod install' or update your CocoaPods installation.\" >&2\n    exit 1\nfi\n# This output is used by Xcode 'outputs' to avoid re-running this script phase.\necho \"SUCCESS\" > \"${SCRIPT_OUTPUT_FILE_0}\"\n";
			showEnvVarsInLog = 0;
		};
		B0D6FF76EF050588C39DD099 /* [CP] Embed Pods Frameworks */ = {
			isa = PBXShellScriptBuildPhase;
			buildActionMask = 2147483647;
			files = (
			);
			inputFileListPaths = (
				"${PODS_ROOT}/Target Support Files/Pods-DocSites (macOS)/Pods-DocSites (macOS)-frameworks-${CONFIGURATION}-input-files.xcfilelist",
			);
			name = "[CP] Embed Pods Frameworks";
			outputFileListPaths = (
				"${PODS_ROOT}/Target Support Files/Pods-DocSites (macOS)/Pods-DocSites (macOS)-frameworks-${CONFIGURATION}-output-files.xcfilelist",
			);
			runOnlyForDeploymentPostprocessing = 0;
			shellPath = /bin/sh;
			shellScript = "\"${PODS_ROOT}/Target Support Files/Pods-DocSites (macOS)/Pods-DocSites (macOS)-frameworks.sh\"\n";
			showEnvVarsInLog = 0;
		};
/* End PBXShellScriptBuildPhase section */

/* Begin PBXSourcesBuildPhase section */
		C7802726262862D100BCFFC9 /* Sources */ = {
			isa = PBXSourcesBuildPhase;
			buildActionMask = 2147483647;
			files = (
				C79FD380262BB16D00F126DC /* WebScrap.swift in Sources */,
				C7FE41262628A8170007CE97 /* EntityDetail.swift in Sources */,
				C7FE4108262873540007CE97 /* KalpurushFont.swift in Sources */,
				C7AC307D262C69700031D0CC /* ScrapingItem.swift in Sources */,
				C79972E6262D0620007F4BFD /* WebScraping.swift in Sources */,
				C7FE4118262879DB0007CE97 /* Entity.swift in Sources */,
				C7AC3076262C68850031D0CC /* ScrapingView.swift in Sources */,
				C7AC3088262C6C080031D0CC /* WebView.swift in Sources */,
				C79972ED262DF609007F4BFD /* ScrapingListView.swift in Sources */,
				C7FE4145262B05CE0007CE97 /* SettingView.swift in Sources */,
				C780274E262862D100BCFFC9 /* HomeView.swift in Sources */,
				C79FD375262B620C00F126DC /* GradientBackground.swift in Sources */,
				C7AC3090262C6C820031D0CC /* WebsiteView.swift in Sources */,
				C78027702628644400BCFFC9 /* EntityView.swift in Sources */,
				C7FE411F26287DB80007CE97 /* SiteItemView.swift in Sources */,
				C7FE414C262B06EB0007CE97 /* NotificationItem.swift in Sources */,
				C7FE412D2628B32C0007CE97 /* DismissButton.swift in Sources */,
				C780274C262862D100BCFFC9 /* DocSitesApp.swift in Sources */,
			);
			runOnlyForDeploymentPostprocessing = 0;
		};
		C780272E262862D100BCFFC9 /* Sources */ = {
			isa = PBXSourcesBuildPhase;
			buildActionMask = 2147483647;
			files = (
				C7FE41272628A8170007CE97 /* EntityDetail.swift in Sources */,
				C7FE4119262879DB0007CE97 /* Entity.swift in Sources */,
				C79972EE262DF609007F4BFD /* ScrapingListView.swift in Sources */,
				C780274F262862D100BCFFC9 /* HomeView.swift in Sources */,
				C7AC3077262C68850031D0CC /* ScrapingView.swift in Sources */,
				C7AC3091262C6C820031D0CC /* WebsiteView.swift in Sources */,
				C7AC307E262C69700031D0CC /* ScrapingItem.swift in Sources */,
				C78027712628644400BCFFC9 /* EntityView.swift in Sources */,
				C7FE412026287DB80007CE97 /* SiteItemView.swift in Sources */,
				C79FD376262B620C00F126DC /* GradientBackground.swift in Sources */,
				C79972E7262D0620007F4BFD /* WebScraping.swift in Sources */,
				C7FE4146262B05CE0007CE97 /* SettingView.swift in Sources */,
				C7FE412E2628B32C0007CE97 /* DismissButton.swift in Sources */,
				C780274D262862D100BCFFC9 /* DocSitesApp.swift in Sources */,
				C7FE414D262B06EB0007CE97 /* NotificationItem.swift in Sources */,
				C79FD381262BB16D00F126DC /* WebScrap.swift in Sources */,
			);
			runOnlyForDeploymentPostprocessing = 0;
		};
		C7802736262862D100BCFFC9 /* Sources */ = {
			isa = PBXSourcesBuildPhase;
			buildActionMask = 2147483647;
			files = (
				C780273F262862D100BCFFC9 /* Tests_iOS.swift in Sources */,
			);
			runOnlyForDeploymentPostprocessing = 0;
		};
		C7802741262862D100BCFFC9 /* Sources */ = {
			isa = PBXSourcesBuildPhase;
			buildActionMask = 2147483647;
			files = (
				C780274A262862D100BCFFC9 /* Tests_macOS.swift in Sources */,
			);
			runOnlyForDeploymentPostprocessing = 0;
		};
/* End PBXSourcesBuildPhase section */

/* Begin PBXTargetDependency section */
		C780273C262862D100BCFFC9 /* PBXTargetDependency */ = {
			isa = PBXTargetDependency;
			target = C7802729262862D100BCFFC9 /* DocSites (iOS) */;
			targetProxy = C780273B262862D100BCFFC9 /* PBXContainerItemProxy */;
		};
		C7802747262862D100BCFFC9 /* PBXTargetDependency */ = {
			isa = PBXTargetDependency;
			target = C7802731262862D100BCFFC9 /* DocSites (macOS) */;
			targetProxy = C7802746262862D100BCFFC9 /* PBXContainerItemProxy */;
		};
/* End PBXTargetDependency section */

/* Begin XCBuildConfiguration section */
		C7802752262862D100BCFFC9 /* Debug */ = {
			isa = XCBuildConfiguration;
			buildSettings = {
				ALWAYS_SEARCH_USER_PATHS = NO;
				CLANG_ANALYZER_NONNULL = YES;
				CLANG_ANALYZER_NUMBER_OBJECT_CONVERSION = YES_AGGRESSIVE;
				CLANG_CXX_LANGUAGE_STANDARD = "gnu++14";
				CLANG_CXX_LIBRARY = "libc++";
				CLANG_ENABLE_MODULES = YES;
				CLANG_ENABLE_OBJC_ARC = YES;
				CLANG_ENABLE_OBJC_WEAK = YES;
				CLANG_WARN_BLOCK_CAPTURE_AUTORELEASING = YES;
				CLANG_WARN_BOOL_CONVERSION = YES;
				CLANG_WARN_COMMA = YES;
				CLANG_WARN_CONSTANT_CONVERSION = YES;
				CLANG_WARN_DEPRECATED_OBJC_IMPLEMENTATIONS = YES;
				CLANG_WARN_DIRECT_OBJC_ISA_USAGE = YES_ERROR;
				CLANG_WARN_DOCUMENTATION_COMMENTS = YES;
				CLANG_WARN_EMPTY_BODY = YES;
				CLANG_WARN_ENUM_CONVERSION = YES;
				CLANG_WARN_INFINITE_RECURSION = YES;
				CLANG_WARN_INT_CONVERSION = YES;
				CLANG_WARN_NON_LITERAL_NULL_CONVERSION = YES;
				CLANG_WARN_OBJC_IMPLICIT_RETAIN_SELF = YES;
				CLANG_WARN_OBJC_LITERAL_CONVERSION = YES;
				CLANG_WARN_OBJC_ROOT_CLASS = YES_ERROR;
				CLANG_WARN_QUOTED_INCLUDE_IN_FRAMEWORK_HEADER = YES;
				CLANG_WARN_RANGE_LOOP_ANALYSIS = YES;
				CLANG_WARN_STRICT_PROTOTYPES = YES;
				CLANG_WARN_SUSPICIOUS_MOVE = YES;
				CLANG_WARN_UNGUARDED_AVAILABILITY = YES_AGGRESSIVE;
				CLANG_WARN_UNREACHABLE_CODE = YES;
				CLANG_WARN__DUPLICATE_METHOD_MATCH = YES;
				COPY_PHASE_STRIP = NO;
				DEBUG_INFORMATION_FORMAT = dwarf;
				ENABLE_STRICT_OBJC_MSGSEND = YES;
				ENABLE_TESTABILITY = YES;
				GCC_C_LANGUAGE_STANDARD = gnu11;
				GCC_DYNAMIC_NO_PIC = NO;
				GCC_NO_COMMON_BLOCKS = YES;
				GCC_OPTIMIZATION_LEVEL = 0;
				GCC_PREPROCESSOR_DEFINITIONS = (
					"DEBUG=1",
					"$(inherited)",
				);
				GCC_WARN_64_TO_32_BIT_CONVERSION = YES;
				GCC_WARN_ABOUT_RETURN_TYPE = YES_ERROR;
				GCC_WARN_UNDECLARED_SELECTOR = YES;
				GCC_WARN_UNINITIALIZED_AUTOS = YES_AGGRESSIVE;
				GCC_WARN_UNUSED_FUNCTION = YES;
				GCC_WARN_UNUSED_VARIABLE = YES;
				MTL_ENABLE_DEBUG_INFO = INCLUDE_SOURCE;
				MTL_FAST_MATH = YES;
				ONLY_ACTIVE_ARCH = YES;
				SWIFT_ACTIVE_COMPILATION_CONDITIONS = DEBUG;
				SWIFT_OPTIMIZATION_LEVEL = "-Onone";
			};
			name = Debug;
		};
		C7802753262862D100BCFFC9 /* Release */ = {
			isa = XCBuildConfiguration;
			buildSettings = {
				ALWAYS_SEARCH_USER_PATHS = NO;
				CLANG_ANALYZER_NONNULL = YES;
				CLANG_ANALYZER_NUMBER_OBJECT_CONVERSION = YES_AGGRESSIVE;
				CLANG_CXX_LANGUAGE_STANDARD = "gnu++14";
				CLANG_CXX_LIBRARY = "libc++";
				CLANG_ENABLE_MODULES = YES;
				CLANG_ENABLE_OBJC_ARC = YES;
				CLANG_ENABLE_OBJC_WEAK = YES;
				CLANG_WARN_BLOCK_CAPTURE_AUTORELEASING = YES;
				CLANG_WARN_BOOL_CONVERSION = YES;
				CLANG_WARN_COMMA = YES;
				CLANG_WARN_CONSTANT_CONVERSION = YES;
				CLANG_WARN_DEPRECATED_OBJC_IMPLEMENTATIONS = YES;
				CLANG_WARN_DIRECT_OBJC_ISA_USAGE = YES_ERROR;
				CLANG_WARN_DOCUMENTATION_COMMENTS = YES;
				CLANG_WARN_EMPTY_BODY = YES;
				CLANG_WARN_ENUM_CONVERSION = YES;
				CLANG_WARN_INFINITE_RECURSION = YES;
				CLANG_WARN_INT_CONVERSION = YES;
				CLANG_WARN_NON_LITERAL_NULL_CONVERSION = YES;
				CLANG_WARN_OBJC_IMPLICIT_RETAIN_SELF = YES;
				CLANG_WARN_OBJC_LITERAL_CONVERSION = YES;
				CLANG_WARN_OBJC_ROOT_CLASS = YES_ERROR;
				CLANG_WARN_QUOTED_INCLUDE_IN_FRAMEWORK_HEADER = YES;
				CLANG_WARN_RANGE_LOOP_ANALYSIS = YES;
				CLANG_WARN_STRICT_PROTOTYPES = YES;
				CLANG_WARN_SUSPICIOUS_MOVE = YES;
				CLANG_WARN_UNGUARDED_AVAILABILITY = YES_AGGRESSIVE;
				CLANG_WARN_UNREACHABLE_CODE = YES;
				CLANG_WARN__DUPLICATE_METHOD_MATCH = YES;
				COPY_PHASE_STRIP = NO;
				DEBUG_INFORMATION_FORMAT = "dwarf-with-dsym";
				ENABLE_NS_ASSERTIONS = NO;
				ENABLE_STRICT_OBJC_MSGSEND = YES;
				GCC_C_LANGUAGE_STANDARD = gnu11;
				GCC_NO_COMMON_BLOCKS = YES;
				GCC_WARN_64_TO_32_BIT_CONVERSION = YES;
				GCC_WARN_ABOUT_RETURN_TYPE = YES_ERROR;
				GCC_WARN_UNDECLARED_SELECTOR = YES;
				GCC_WARN_UNINITIALIZED_AUTOS = YES_AGGRESSIVE;
				GCC_WARN_UNUSED_FUNCTION = YES;
				GCC_WARN_UNUSED_VARIABLE = YES;
				MTL_ENABLE_DEBUG_INFO = NO;
				MTL_FAST_MATH = YES;
				SWIFT_COMPILATION_MODE = wholemodule;
				SWIFT_OPTIMIZATION_LEVEL = "-O";
			};
			name = Release;
		};
		C7802755262862D100BCFFC9 /* Debug */ = {
			isa = XCBuildConfiguration;
			baseConfigurationReference = 20C6DA2FD6B24AC8A895F8B1 /* Pods-DocSites (iOS).debug.xcconfig */;
			buildSettings = {
				ASSETCATALOG_COMPILER_APPICON_NAME = AppIcon;
				ASSETCATALOG_COMPILER_GLOBAL_ACCENT_COLOR_NAME = AccentColor;
				CODE_SIGN_IDENTITY = "Apple Development";
				CODE_SIGN_STYLE = Automatic;
				DEVELOPMENT_TEAM = "";
				ENABLE_PREVIEWS = YES;
				INFOPLIST_FILE = iOS/Info.plist;
				IPHONEOS_DEPLOYMENT_TARGET = 14.0;
				LD_RUNPATH_SEARCH_PATHS = (
					"$(inherited)",
					"@executable_path/Frameworks",
				);
				MARKETING_VERSION = 1.0.1;
				PRODUCT_BUNDLE_IDENTIFIER = snz.docSites.ios;
				PRODUCT_NAME = DocSites;
				PROVISIONING_PROFILE_SPECIFIER = "";
				SDKROOT = iphoneos;
				SWIFT_VERSION = 5.0;
				TARGETED_DEVICE_FAMILY = "1,2";
			};
			name = Debug;
		};
		C7802756262862D100BCFFC9 /* Release */ = {
			isa = XCBuildConfiguration;
			baseConfigurationReference = 3EDB8974F006DE206D58D45C /* Pods-DocSites (iOS).release.xcconfig */;
			buildSettings = {
				ASSETCATALOG_COMPILER_APPICON_NAME = AppIcon;
				ASSETCATALOG_COMPILER_GLOBAL_ACCENT_COLOR_NAME = AccentColor;
				CODE_SIGN_IDENTITY = "Apple Development";
				CODE_SIGN_STYLE = Automatic;
				DEVELOPMENT_TEAM = "";
				ENABLE_PREVIEWS = YES;
				INFOPLIST_FILE = iOS/Info.plist;
				IPHONEOS_DEPLOYMENT_TARGET = 14.0;
				LD_RUNPATH_SEARCH_PATHS = (
					"$(inherited)",
					"@executable_path/Frameworks",
				);
				MARKETING_VERSION = 1.0.1;
				PRODUCT_BUNDLE_IDENTIFIER = snz.docSites.ios;
				PRODUCT_NAME = DocSites;
				PROVISIONING_PROFILE_SPECIFIER = "";
				SDKROOT = iphoneos;
				SWIFT_VERSION = 5.0;
				TARGETED_DEVICE_FAMILY = "1,2";
				VALIDATE_PRODUCT = YES;
			};
			name = Release;
		};
		C7802758262862D100BCFFC9 /* Debug */ = {
			isa = XCBuildConfiguration;
			baseConfigurationReference = 83667583630CDF3E30C088B4 /* Pods-DocSites (macOS).debug.xcconfig */;
			buildSettings = {
				ASSETCATALOG_COMPILER_APPICON_NAME = AppIcon;
				ASSETCATALOG_COMPILER_GLOBAL_ACCENT_COLOR_NAME = AccentColor;
				CODE_SIGN_ENTITLEMENTS = macOS/macOS.entitlements;
				CODE_SIGN_STYLE = Automatic;
				COMBINE_HIDPI_IMAGES = YES;
				ENABLE_PREVIEWS = YES;
				INFOPLIST_FILE = macOS/Info.plist;
				LD_RUNPATH_SEARCH_PATHS = (
					"$(inherited)",
					"@executable_path/../Frameworks",
				);
				MACOSX_DEPLOYMENT_TARGET = 11.0;
				PRODUCT_BUNDLE_IDENTIFIER = "SNN-Systems.DocSites";
				PRODUCT_NAME = DocSites;
				SDKROOT = macosx;
				SWIFT_VERSION = 5.0;
			};
			name = Debug;
		};
		C7802759262862D100BCFFC9 /* Release */ = {
			isa = XCBuildConfiguration;
			baseConfigurationReference = CAF39B7472AD26F73F2BE732 /* Pods-DocSites (macOS).release.xcconfig */;
			buildSettings = {
				ASSETCATALOG_COMPILER_APPICON_NAME = AppIcon;
				ASSETCATALOG_COMPILER_GLOBAL_ACCENT_COLOR_NAME = AccentColor;
				CODE_SIGN_ENTITLEMENTS = macOS/macOS.entitlements;
				CODE_SIGN_STYLE = Automatic;
				COMBINE_HIDPI_IMAGES = YES;
				ENABLE_PREVIEWS = YES;
				INFOPLIST_FILE = macOS/Info.plist;
				LD_RUNPATH_SEARCH_PATHS = (
					"$(inherited)",
					"@executable_path/../Frameworks",
				);
				MACOSX_DEPLOYMENT_TARGET = 11.0;
				PRODUCT_BUNDLE_IDENTIFIER = "SNN-Systems.DocSites";
				PRODUCT_NAME = DocSites;
				SDKROOT = macosx;
				SWIFT_VERSION = 5.0;
			};
			name = Release;
		};
		C780275B262862D100BCFFC9 /* Debug */ = {
			isa = XCBuildConfiguration;
			buildSettings = {
				ALWAYS_EMBED_SWIFT_STANDARD_LIBRARIES = YES;
				CODE_SIGN_STYLE = Automatic;
				INFOPLIST_FILE = "Tests iOS/Info.plist";
				IPHONEOS_DEPLOYMENT_TARGET = 14.4;
				LD_RUNPATH_SEARCH_PATHS = (
					"$(inherited)",
					"@executable_path/Frameworks",
					"@loader_path/Frameworks",
				);
				PRODUCT_BUNDLE_IDENTIFIER = "SNN-Systems.Tests-iOS";
				PRODUCT_NAME = "$(TARGET_NAME)";
				SDKROOT = iphoneos;
				SWIFT_VERSION = 5.0;
				TARGETED_DEVICE_FAMILY = "1,2";
				TEST_TARGET_NAME = "DocSites (iOS)";
			};
			name = Debug;
		};
		C780275C262862D100BCFFC9 /* Release */ = {
			isa = XCBuildConfiguration;
			buildSettings = {
				ALWAYS_EMBED_SWIFT_STANDARD_LIBRARIES = YES;
				CODE_SIGN_STYLE = Automatic;
				INFOPLIST_FILE = "Tests iOS/Info.plist";
				IPHONEOS_DEPLOYMENT_TARGET = 14.4;
				LD_RUNPATH_SEARCH_PATHS = (
					"$(inherited)",
					"@executable_path/Frameworks",
					"@loader_path/Frameworks",
				);
				PRODUCT_BUNDLE_IDENTIFIER = "SNN-Systems.Tests-iOS";
				PRODUCT_NAME = "$(TARGET_NAME)";
				SDKROOT = iphoneos;
				SWIFT_VERSION = 5.0;
				TARGETED_DEVICE_FAMILY = "1,2";
				TEST_TARGET_NAME = "DocSites (iOS)";
				VALIDATE_PRODUCT = YES;
			};
			name = Release;
		};
		C780275E262862D100BCFFC9 /* Debug */ = {
			isa = XCBuildConfiguration;
			buildSettings = {
				ALWAYS_EMBED_SWIFT_STANDARD_LIBRARIES = YES;
				CODE_SIGN_STYLE = Automatic;
				COMBINE_HIDPI_IMAGES = YES;
				INFOPLIST_FILE = "Tests macOS/Info.plist";
				LD_RUNPATH_SEARCH_PATHS = (
					"$(inherited)",
					"@executable_path/../Frameworks",
					"@loader_path/../Frameworks",
				);
				MACOSX_DEPLOYMENT_TARGET = 11.1;
				PRODUCT_BUNDLE_IDENTIFIER = "SNN-Systems.Tests-macOS";
				PRODUCT_NAME = "$(TARGET_NAME)";
				SDKROOT = macosx;
				SWIFT_VERSION = 5.0;
				TEST_TARGET_NAME = "DocSites (macOS)";
			};
			name = Debug;
		};
		C780275F262862D100BCFFC9 /* Release */ = {
			isa = XCBuildConfiguration;
			buildSettings = {
				ALWAYS_EMBED_SWIFT_STANDARD_LIBRARIES = YES;
				CODE_SIGN_STYLE = Automatic;
				COMBINE_HIDPI_IMAGES = YES;
				INFOPLIST_FILE = "Tests macOS/Info.plist";
				LD_RUNPATH_SEARCH_PATHS = (
					"$(inherited)",
					"@executable_path/../Frameworks",
					"@loader_path/../Frameworks",
				);
				MACOSX_DEPLOYMENT_TARGET = 11.1;
				PRODUCT_BUNDLE_IDENTIFIER = "SNN-Systems.Tests-macOS";
				PRODUCT_NAME = "$(TARGET_NAME)";
				SDKROOT = macosx;
				SWIFT_VERSION = 5.0;
				TEST_TARGET_NAME = "DocSites (macOS)";
			};
			name = Release;
		};
/* End XCBuildConfiguration section */

/* Begin XCConfigurationList section */
		C7802721262862CF00BCFFC9 /* Build configuration list for PBXProject "DocSites" */ = {
			isa = XCConfigurationList;
			buildConfigurations = (
				C7802752262862D100BCFFC9 /* Debug */,
				C7802753262862D100BCFFC9 /* Release */,
			);
			defaultConfigurationIsVisible = 0;
			defaultConfigurationName = Release;
		};
		C7802754262862D100BCFFC9 /* Build configuration list for PBXNativeTarget "DocSites (iOS)" */ = {
			isa = XCConfigurationList;
			buildConfigurations = (
				C7802755262862D100BCFFC9 /* Debug */,
				C7802756262862D100BCFFC9 /* Release */,
			);
			defaultConfigurationIsVisible = 0;
			defaultConfigurationName = Release;
		};
		C7802757262862D100BCFFC9 /* Build configuration list for PBXNativeTarget "DocSites (macOS)" */ = {
			isa = XCConfigurationList;
			buildConfigurations = (
				C7802758262862D100BCFFC9 /* Debug */,
				C7802759262862D100BCFFC9 /* Release */,
			);
			defaultConfigurationIsVisible = 0;
			defaultConfigurationName = Release;
		};
		C780275A262862D100BCFFC9 /* Build configuration list for PBXNativeTarget "Tests iOS" */ = {
			isa = XCConfigurationList;
			buildConfigurations = (
				C780275B262862D100BCFFC9 /* Debug */,
				C780275C262862D100BCFFC9 /* Release */,
			);
			defaultConfigurationIsVisible = 0;
			defaultConfigurationName = Release;
		};
		C780275D262862D100BCFFC9 /* Build configuration list for PBXNativeTarget "Tests macOS" */ = {
			isa = XCConfigurationList;
			buildConfigurations = (
				C780275E262862D100BCFFC9 /* Debug */,
				C780275F262862D100BCFFC9 /* Release */,
			);
			defaultConfigurationIsVisible = 0;
			defaultConfigurationName = Release;
		};
/* End XCConfigurationList section */
	};
	rootObject = C780271E262862CF00BCFFC9 /* Project object */;
}
